
Microsoft Visual Studio Solution File, Format Version 12.00
# Visual Studio Version 17
VisualStudioVersion = 17.0.32112.339
MinimumVisualStudioVersion = 10.0.40219.1
Project("{FAE04EC0-301F-11D3-BF4B-00C04F79EFBC}") = "TwitchNightFall.Domain", "src\TwitchNightFall.Domain\TwitchNightFall.Domain.csproj", "{D8C9C647-958C-49DC-9757-4F116CA7115F}"
EndProject
Project("{FAE04EC0-301F-11D3-BF4B-00C04F79EFBC}") = "TwitchNighfall.Core", "src\TwitchNighfall.Core\TwitchNighfall.Core.csproj", "{8BAAEAE9-F92B-45D9-BC35-9FBE53D4FC43}"
EndProject
Project("{FAE04EC0-301F-11D3-BF4B-00C04F79EFBC}") = "TwichNightFall.Api", "src\TwichNightFall.Api\TwichNightFall.Api.csproj", "{5BC5ED1C-B71E-49DD-BC0F-469BEEB494E7}"
EndProject
Global
	GlobalSection(SolutionConfigurationPlatforms) = preSolution
		Debug|Any CPU = Debug|Any CPU
		Release|Any CPU = Release|Any CPU
	EndGlobalSection
	GlobalSection(ProjectConfigurationPlatforms) = postSolution
		{D8C9C647-958C-49DC-9757-4F116CA7115F}.Debug|Any CPU.ActiveCfg = Debug|Any CPU
		{D8C9C647-958C-49DC-9757-4F116CA7115F}.Debug|Any CPU.Build.0 = Debug|Any CPU
		{D8C9C647-958C-49DC-9757-4F116CA7115F}.Release|Any CPU.ActiveCfg = Release|Any CPU
		{D8C9C647-958C-49DC-9757-4F116CA7115F}.Release|Any CPU.Build.0 = Release|Any CPU
		{8BAAEAE9-F92B-45D9-BC35-9FBE53D4FC43}.Debug|Any CPU.ActiveCfg = Debug|Any CPU
		{8BAAEAE9-F92B-45D9-BC35-9FBE53D4FC43}.Debug|Any CPU.Build.0 = Debug|Any CPU
		{8BAAEAE9-F92B-45D9-BC35-9FBE53D4FC43}.Release|Any CPU.ActiveCfg = Release|Any CPU
		{8BAAEAE9-F92B-45D9-BC35-9FBE53D4FC43}.Release|Any CPU.Build.0 = Release|Any CPU
		{5BC5ED1C-B71E-49DD-BC0F-469BEEB494E7}.Debug|Any CPU.ActiveCfg = Debug|Any CPU
		{5BC5ED1C-B71E-49DD-BC0F-469BEEB494E7}.Debug|Any CPU.Build.0 = Debug|Any CPU
		{5BC5ED1C-B71E-49DD-BC0F-469BEEB494E7}.Release|Any CPU.ActiveCfg = Release|Any CPU
		{5BC5ED1C-B71E-49DD-BC0F-469BEEB494E7}.Release|Any CPU.Build.0 = Release|Any CPU
	EndGlobalSection
	GlobalSection(SolutionProperties) = preSolution
		HideSolutionNode = FALSE
	EndGlobalSection
	GlobalSection(ExtensibilityGlobals) = postSolution
		SolutionGuid = {217C2925-EA07-4124-89D6-ECBCBDE9C8DC}
	EndGlobalSection
EndGlobal
